
Microsoft Visual Studio Solution File, Format Version 12.00
# Visual Studio 15
VisualStudioVersion = 15.0.28307.329
MinimumVisualStudioVersion = 10.0.40219.1
Project("{FAE04EC0-301F-11D3-BF4B-00C04F79EFBC}") = "AppEmpleados", "AppEmpleados\AppEmpleados.csproj", "{693537F4-FEE9-4C4B-A498-B39BF92DCF70}"
EndProject
Project("{FAE04EC0-301F-11D3-BF4B-00C04F79EFBC}") = "DAL", "..\DAL\DAL.csproj", "{1759EC70-2A5A-44A4-94F4-40A7F094E383}"
EndProject
Project("{FAE04EC0-301F-11D3-BF4B-00C04F79EFBC}") = "BL", "BL\BL.csproj", "{320F4BCC-526F-4031-8AD7-135D5254B92E}"
EndProject
Project("{FAE04EC0-301F-11D3-BF4B-00C04F79EFBC}") = "Entities", "Entities\Entities.csproj", "{F13D828C-748E-447F-8F65-FFF0154D3520}"
EndProject
Global
	GlobalSection(SolutionConfigurationPlatforms) = preSolution
		Debug|Any CPU = Debug|Any CPU
		Release|Any CPU = Release|Any CPU
	EndGlobalSection
	GlobalSection(ProjectConfigurationPlatforms) = postSolution
		{693537F4-FEE9-4C4B-A498-B39BF92DCF70}.Debug|Any CPU.ActiveCfg = Debug|Any CPU
		{693537F4-FEE9-4C4B-A498-B39BF92DCF70}.Debug|Any CPU.Build.0 = Debug|Any CPU
		{693537F4-FEE9-4C4B-A498-B39BF92DCF70}.Release|Any CPU.ActiveCfg = Release|Any CPU
		{693537F4-FEE9-4C4B-A498-B39BF92DCF70}.Release|Any CPU.Build.0 = Release|Any CPU
		{1759EC70-2A5A-44A4-94F4-40A7F094E383}.Debug|Any CPU.ActiveCfg = Debug|Any CPU
		{1759EC70-2A5A-44A4-94F4-40A7F094E383}.Debug|Any CPU.Build.0 = Debug|Any CPU
		{1759EC70-2A5A-44A4-94F4-40A7F094E383}.Release|Any CPU.ActiveCfg = Release|Any CPU
		{1759EC70-2A5A-44A4-94F4-40A7F094E383}.Release|Any CPU.Build.0 = Release|Any CPU
		{320F4BCC-526F-4031-8AD7-135D5254B92E}.Debug|Any CPU.ActiveCfg = Debug|Any CPU
		{320F4BCC-526F-4031-8AD7-135D5254B92E}.Debug|Any CPU.Build.0 = Debug|Any CPU
		{320F4BCC-526F-4031-8AD7-135D5254B92E}.Release|Any CPU.ActiveCfg = Release|Any CPU
		{320F4BCC-526F-4031-8AD7-135D5254B92E}.Release|Any CPU.Build.0 = Release|Any CPU
		{F13D828C-748E-447F-8F65-FFF0154D3520}.Debug|Any CPU.ActiveCfg = Debug|Any CPU
		{F13D828C-748E-447F-8F65-FFF0154D3520}.Debug|Any CPU.Build.0 = Debug|Any CPU
		{F13D828C-748E-447F-8F65-FFF0154D3520}.Release|Any CPU.ActiveCfg = Release|Any CPU
		{F13D828C-748E-447F-8F65-FFF0154D3520}.Release|Any CPU.Build.0 = Release|Any CPU
	EndGlobalSection
	GlobalSection(SolutionProperties) = preSolution
		HideSolutionNode = FALSE
	EndGlobalSection
	GlobalSection(ExtensibilityGlobals) = postSolution
		SolutionGuid = {FD710012-8F4D-455C-BFA4-FA12A6668156}
	EndGlobalSection
EndGlobal
